
Microsoft Visual Studio Solution File, Format Version 12.00
Project("{FAE04EC0-301F-11D3-BF4B-00C04F79EFBC}") = "Harmony12Interop", "Harmony12Interop\Harmony12Interop.csproj", "{92D7778F-4295-483C-AAEA-5D3F9264E917}"
EndProject
Project("{FAE04EC0-301F-11D3-BF4B-00C04F79EFBC}") = "Harmony109Interop", "Harmony109Interop\Harmony109Interop.csproj", "{D881E673-9E9E-4235-B84D-15046FDE047E}"
EndProject
Project("{FAE04EC0-301F-11D3-BF4B-00C04F79EFBC}") = "HarmonyXInterop", "HarmonyXInterop\HarmonyXInterop.csproj", "{160F7FE0-288D-435C-9E7E-497D3E0DE3A6}"
EndProject
Global
	GlobalSection(SolutionConfigurationPlatforms) = preSolution
		Debug|Any CPU = Debug|Any CPU
		Release|Any CPU = Release|Any CPU
	EndGlobalSection
	GlobalSection(ProjectConfigurationPlatforms) = postSolution
		{92D7778F-4295-483C-AAEA-5D3F9264E917}.Debug|Any CPU.ActiveCfg = Debug|Any CPU
		{92D7778F-4295-483C-AAEA-5D3F9264E917}.Debug|Any CPU.Build.0 = Debug|Any CPU
		{92D7778F-4295-483C-AAEA-5D3F9264E917}.Release|Any CPU.ActiveCfg = Release|Any CPU
		{92D7778F-4295-483C-AAEA-5D3F9264E917}.Release|Any CPU.Build.0 = Release|Any CPU
		{D881E673-9E9E-4235-B84D-15046FDE047E}.Debug|Any CPU.ActiveCfg = Debug|Any CPU
		{D881E673-9E9E-4235-B84D-15046FDE047E}.Debug|Any CPU.Build.0 = Debug|Any CPU
		{D881E673-9E9E-4235-B84D-15046FDE047E}.Release|Any CPU.ActiveCfg = Release|Any CPU
		{D881E673-9E9E-4235-B84D-15046FDE047E}.Release|Any CPU.Build.0 = Release|Any CPU
		{160F7FE0-288D-435C-9E7E-497D3E0DE3A6}.Debug|Any CPU.ActiveCfg = Debug|Any CPU
		{160F7FE0-288D-435C-9E7E-497D3E0DE3A6}.Debug|Any CPU.Build.0 = Debug|Any CPU
		{160F7FE0-288D-435C-9E7E-497D3E0DE3A6}.Release|Any CPU.ActiveCfg = Release|Any CPU
		{160F7FE0-288D-435C-9E7E-497D3E0DE3A6}.Release|Any CPU.Build.0 = Release|Any CPU
	EndGlobalSection
EndGlobal
