
Microsoft Visual Studio Solution File, Format Version 12.00
# Visual Studio 15
VisualStudioVersion = 15.0.27428.2043
MinimumVisualStudioVersion = 10.0.40219.1
Project("{FAE04EC0-301F-11D3-BF4B-00C04F79EFBC}") = "ModTek", "ModTek\ModTek.csproj", "{8D955C2C-D75B-453C-99D1-B337BBF82CCA}"
EndProject
Project("{FAE04EC0-301F-11D3-BF4B-00C04F79EFBC}") = "ModTek.Preloader", "ModTek.Preloader\ModTek.Preloader.csproj", "{35BBAEB2-0461-46BB-BC45-B9A39FD83DFF}"
	ProjectSection(ProjectDependencies) = postProject
		{183EB195-CC72-4667-AA2F-FECA210F776F} = {183EB195-CC72-4667-AA2F-FECA210F776F}
		{415D6122-8F17-40C2-8304-6A878467C06D} = {415D6122-8F17-40C2-8304-6A878467C06D}
	EndProjectSection
EndProject
Project("{FAE04EC0-301F-11D3-BF4B-00C04F79EFBC}") = "ModTekInjector", "ModTekInjector\ModTekInjector.csproj", "{4AC287C0-84D3-49A7-9BA5-87BBFAFE4496}"
	ProjectSection(ProjectDependencies) = postProject
		{35BBAEB2-0461-46BB-BC45-B9A39FD83DFF} = {35BBAEB2-0461-46BB-BC45-B9A39FD83DFF}
	EndProjectSection
EndProject
Project("{FAE04EC0-301F-11D3-BF4B-00C04F79EFBC}") = "HarmonyXInterop", "HarmonyXInterop\HarmonyXInterop\HarmonyXInterop.csproj", "{D309E43C-CEEC-4BE6-BB5E-8A5C90BA5462}"
EndProject
Project("{FAE04EC0-301F-11D3-BF4B-00C04F79EFBC}") = "Harmony109Interop", "HarmonyXInterop\Harmony109Interop\Harmony109Interop.csproj", "{415D6122-8F17-40C2-8304-6A878467C06D}"
EndProject
Project("{2150E333-8FDC-42A3-9474-1A3956D46DE8}") = "HarmonyXInterop", "HarmonyXInterop", "{2095443E-5ECB-4187-878D-E4DDD3ABF9D2}"
EndProject
Project("{FAE04EC0-301F-11D3-BF4B-00C04F79EFBC}") = "Harmony12Interop", "HarmonyXInterop\Harmony12Interop\Harmony12Interop.csproj", "{183EB195-CC72-4667-AA2F-FECA210F776F}"
EndProject
Project("{2150E333-8FDC-42A3-9474-1A3956D46DE8}") = "examples", "examples", "{6480C6DD-C6E7-4D8C-9220-37FB34162CF8}"
EndProject
Project("{FAE04EC0-301F-11D3-BF4B-00C04F79EFBC}") = "ModTemplate", "examples\ModTemplate\ModTemplate.csproj", "{C0839FDC-E835-40B5-831A-E4EB5D9040D5}"
EndProject
Project("{FAE04EC0-301F-11D3-BF4B-00C04F79EFBC}") = "ModTek.Common", "ModTek.Common\ModTek.Common.csproj", "{67588F2A-B438-407C-AD16-ED6F4C9D12FC}"
EndProject
Project("{FAE04EC0-301F-11D3-BF4B-00C04F79EFBC}") = "ModTek.Injectors", "ModTek.Injectors\ModTek.Injectors.csproj", "{B9F6AA09-D3CD-4FAF-ADF8-18BF78B1CCD1}"
EndProject
Project("{FAE04EC0-301F-11D3-BF4B-00C04F79EFBC}") = "ModTek.InjectorsTask", "ModTek.InjectorsTask\ModTek.InjectorsTask.csproj", "{D4306496-4941-47A6-9AEA-B37A3E7BD15D}"
EndProject
Project("{FAE04EC0-301F-11D3-BF4B-00C04F79EFBC}") = "ModTekSimpleInjector", "ModTekSimpleInjector\ModTekSimpleInjector.csproj", "{1B0D10A3-7AB5-4658-B0F7-D5B4AC0676E2}"
EndProject
Global
	GlobalSection(SolutionConfigurationPlatforms) = preSolution
		Debug|Any CPU = Debug|Any CPU
		Release|Any CPU = Release|Any CPU
	EndGlobalSection
	GlobalSection(ProjectConfigurationPlatforms) = postSolution
		{8D955C2C-D75B-453C-99D1-B337BBF82CCA}.Release|Any CPU.ActiveCfg = Release|Any CPU
		{8D955C2C-D75B-453C-99D1-B337BBF82CCA}.Release|Any CPU.Build.0 = Release|Any CPU
		{8D955C2C-D75B-453C-99D1-B337BBF82CCA}.Debug|Any CPU.ActiveCfg = Debug|Any CPU
		{8D955C2C-D75B-453C-99D1-B337BBF82CCA}.Debug|Any CPU.Build.0 = Debug|Any CPU
		{35BBAEB2-0461-46BB-BC45-B9A39FD83DFF}.Debug|Any CPU.ActiveCfg = Debug|Any CPU
		{35BBAEB2-0461-46BB-BC45-B9A39FD83DFF}.Debug|Any CPU.Build.0 = Debug|Any CPU
		{35BBAEB2-0461-46BB-BC45-B9A39FD83DFF}.Release|Any CPU.ActiveCfg = Release|Any CPU
		{35BBAEB2-0461-46BB-BC45-B9A39FD83DFF}.Release|Any CPU.Build.0 = Release|Any CPU
		{4AC287C0-84D3-49A7-9BA5-87BBFAFE4496}.Debug|Any CPU.ActiveCfg = Debug|Any CPU
		{4AC287C0-84D3-49A7-9BA5-87BBFAFE4496}.Debug|Any CPU.Build.0 = Debug|Any CPU
		{4AC287C0-84D3-49A7-9BA5-87BBFAFE4496}.Release|Any CPU.ActiveCfg = Release|Any CPU
		{4AC287C0-84D3-49A7-9BA5-87BBFAFE4496}.Release|Any CPU.Build.0 = Release|Any CPU
		{D309E43C-CEEC-4BE6-BB5E-8A5C90BA5462}.Debug|Any CPU.ActiveCfg = Debug|Any CPU
		{D309E43C-CEEC-4BE6-BB5E-8A5C90BA5462}.Debug|Any CPU.Build.0 = Debug|Any CPU
		{D309E43C-CEEC-4BE6-BB5E-8A5C90BA5462}.Release|Any CPU.ActiveCfg = Release|Any CPU
		{D309E43C-CEEC-4BE6-BB5E-8A5C90BA5462}.Release|Any CPU.Build.0 = Release|Any CPU
		{415D6122-8F17-40C2-8304-6A878467C06D}.Debug|Any CPU.ActiveCfg = Debug|Any CPU
		{415D6122-8F17-40C2-8304-6A878467C06D}.Debug|Any CPU.Build.0 = Debug|Any CPU
		{415D6122-8F17-40C2-8304-6A878467C06D}.Release|Any CPU.ActiveCfg = Release|Any CPU
		{415D6122-8F17-40C2-8304-6A878467C06D}.Release|Any CPU.Build.0 = Release|Any CPU
		{183EB195-CC72-4667-AA2F-FECA210F776F}.Debug|Any CPU.ActiveCfg = Debug|Any CPU
		{183EB195-CC72-4667-AA2F-FECA210F776F}.Debug|Any CPU.Build.0 = Debug|Any CPU
		{183EB195-CC72-4667-AA2F-FECA210F776F}.Release|Any CPU.ActiveCfg = Release|Any CPU
		{183EB195-CC72-4667-AA2F-FECA210F776F}.Release|Any CPU.Build.0 = Release|Any CPU
		{C0839FDC-E835-40B5-831A-E4EB5D9040D5}.Debug|Any CPU.ActiveCfg = Debug|Any CPU
		{C0839FDC-E835-40B5-831A-E4EB5D9040D5}.Debug|Any CPU.Build.0 = Debug|Any CPU
		{C0839FDC-E835-40B5-831A-E4EB5D9040D5}.Release|Any CPU.ActiveCfg = Release|Any CPU
		{C0839FDC-E835-40B5-831A-E4EB5D9040D5}.Release|Any CPU.Build.0 = Release|Any CPU
		{67588F2A-B438-407C-AD16-ED6F4C9D12FC}.Debug|Any CPU.ActiveCfg = Debug|Any CPU
		{67588F2A-B438-407C-AD16-ED6F4C9D12FC}.Debug|Any CPU.Build.0 = Debug|Any CPU
		{67588F2A-B438-407C-AD16-ED6F4C9D12FC}.Release|Any CPU.ActiveCfg = Release|Any CPU
		{67588F2A-B438-407C-AD16-ED6F4C9D12FC}.Release|Any CPU.Build.0 = Release|Any CPU
		{B9F6AA09-D3CD-4FAF-ADF8-18BF78B1CCD1}.Debug|Any CPU.ActiveCfg = Debug|Any CPU
		{B9F6AA09-D3CD-4FAF-ADF8-18BF78B1CCD1}.Debug|Any CPU.Build.0 = Debug|Any CPU
		{B9F6AA09-D3CD-4FAF-ADF8-18BF78B1CCD1}.Release|Any CPU.ActiveCfg = Release|Any CPU
		{B9F6AA09-D3CD-4FAF-ADF8-18BF78B1CCD1}.Release|Any CPU.Build.0 = Release|Any CPU
		{D4306496-4941-47A6-9AEA-B37A3E7BD15D}.Debug|Any CPU.ActiveCfg = Debug|Any CPU
		{D4306496-4941-47A6-9AEA-B37A3E7BD15D}.Debug|Any CPU.Build.0 = Debug|Any CPU
		{D4306496-4941-47A6-9AEA-B37A3E7BD15D}.Release|Any CPU.ActiveCfg = Release|Any CPU
		{D4306496-4941-47A6-9AEA-B37A3E7BD15D}.Release|Any CPU.Build.0 = Release|Any CPU
		{1B0D10A3-7AB5-4658-B0F7-D5B4AC0676E2}.Debug|Any CPU.ActiveCfg = Debug|Any CPU
		{1B0D10A3-7AB5-4658-B0F7-D5B4AC0676E2}.Debug|Any CPU.Build.0 = Debug|Any CPU
		{1B0D10A3-7AB5-4658-B0F7-D5B4AC0676E2}.Release|Any CPU.ActiveCfg = Release|Any CPU
		{1B0D10A3-7AB5-4658-B0F7-D5B4AC0676E2}.Release|Any CPU.Build.0 = Release|Any CPU
	EndGlobalSection
	GlobalSection(SolutionProperties) = preSolution
		HideSolutionNode = FALSE
	EndGlobalSection
	GlobalSection(ExtensibilityGlobals) = postSolution
		SolutionGuid = {D6AB82EB-4807-4845-87E8-3BD432E38E2E}
	EndGlobalSection
	GlobalSection(MonoDevelopProperties) = preSolution
		version = 0.4
	EndGlobalSection
	GlobalSection(NestedProjects) = preSolution
		{415D6122-8F17-40C2-8304-6A878467C06D} = {2095443E-5ECB-4187-878D-E4DDD3ABF9D2}
		{D309E43C-CEEC-4BE6-BB5E-8A5C90BA5462} = {2095443E-5ECB-4187-878D-E4DDD3ABF9D2}
		{183EB195-CC72-4667-AA2F-FECA210F776F} = {2095443E-5ECB-4187-878D-E4DDD3ABF9D2}
		{C0839FDC-E835-40B5-831A-E4EB5D9040D5} = {6480C6DD-C6E7-4D8C-9220-37FB34162CF8}
	EndGlobalSection
EndGlobal
